
Microsoft Visual Studio Solution File, Format Version 12.00
# Visual Studio 15
VisualStudioVersion = 15.0.28010.2016
MinimumVisualStudioVersion = 10.0.40219.1
Project("{FAE04EC0-301F-11D3-BF4B-00C04F79EFBC}") = "SportLeagueRD.Android", "SportLeagueRD\SportLeagueRD.Android\SportLeagueRD.Android.csproj", "{01464BBF-1CB7-4784-83CD-BBED0C07C60B}"
EndProject
Project("{FAE04EC0-301F-11D3-BF4B-00C04F79EFBC}") = "SportLeagueRD.iOS", "SportLeagueRD\SportLeagueRD.iOS\SportLeagueRD.iOS.csproj", "{D0028223-036F-481A-9E91-867B100298E5}"
EndProject
Project("{FAE04EC0-301F-11D3-BF4B-00C04F79EFBC}") = "SportLeagueRD", "SportLeagueRD\SportLeagueRD\SportLeagueRD.csproj", "{2EF5E7E4-D458-4B71-883C-67617C314150}"
EndProject
Global
	GlobalSection(SolutionConfigurationPlatforms) = preSolution
		Ad-Hoc|Any CPU = Ad-Hoc|Any CPU
		Ad-Hoc|iPhone = Ad-Hoc|iPhone
		Ad-Hoc|iPhoneSimulator = Ad-Hoc|iPhoneSimulator
		AppStore|Any CPU = AppStore|Any CPU
		AppStore|iPhone = AppStore|iPhone
		AppStore|iPhoneSimulator = AppStore|iPhoneSimulator
		Debug|Any CPU = Debug|Any CPU
		Debug|iPhone = Debug|iPhone
		Debug|iPhoneSimulator = Debug|iPhoneSimulator
		Release|Any CPU = Release|Any CPU
		Release|iPhone = Release|iPhone
		Release|iPhoneSimulator = Release|iPhoneSimulator
	EndGlobalSection
	GlobalSection(ProjectConfigurationPlatforms) = postSolution
		{01464BBF-1CB7-4784-83CD-BBED0C07C60B}.Ad-Hoc|Any CPU.ActiveCfg = Release|Any CPU
		{01464BBF-1CB7-4784-83CD-BBED0C07C60B}.Ad-Hoc|Any CPU.Build.0 = Release|Any CPU
		{01464BBF-1CB7-4784-83CD-BBED0C07C60B}.Ad-Hoc|Any CPU.Deploy.0 = Release|Any CPU
		{01464BBF-1CB7-4784-83CD-BBED0C07C60B}.Ad-Hoc|iPhone.ActiveCfg = Release|Any CPU
		{01464BBF-1CB7-4784-83CD-BBED0C07C60B}.Ad-Hoc|iPhone.Build.0 = Release|Any CPU
		{01464BBF-1CB7-4784-83CD-BBED0C07C60B}.Ad-Hoc|iPhone.Deploy.0 = Release|Any CPU
		{01464BBF-1CB7-4784-83CD-BBED0C07C60B}.Ad-Hoc|iPhoneSimulator.ActiveCfg = Release|Any CPU
		{01464BBF-1CB7-4784-83CD-BBED0C07C60B}.Ad-Hoc|iPhoneSimulator.Build.0 = Release|Any CPU
		{01464BBF-1CB7-4784-83CD-BBED0C07C60B}.Ad-Hoc|iPhoneSimulator.Deploy.0 = Release|Any CPU
		{01464BBF-1CB7-4784-83CD-BBED0C07C60B}.AppStore|Any CPU.ActiveCfg = Release|Any CPU
		{01464BBF-1CB7-4784-83CD-BBED0C07C60B}.AppStore|Any CPU.Build.0 = Release|Any CPU
		{01464BBF-1CB7-4784-83CD-BBED0C07C60B}.AppStore|Any CPU.Deploy.0 = Release|Any CPU
		{01464BBF-1CB7-4784-83CD-BBED0C07C60B}.AppStore|iPhone.ActiveCfg = Release|Any CPU
		{01464BBF-1CB7-4784-83CD-BBED0C07C60B}.AppStore|iPhone.Build.0 = Release|Any CPU
		{01464BBF-1CB7-4784-83CD-BBED0C07C60B}.AppStore|iPhone.Deploy.0 = Release|Any CPU
		{01464BBF-1CB7-4784-83CD-BBED0C07C60B}.AppStore|iPhoneSimulator.ActiveCfg = Release|Any CPU
		{01464BBF-1CB7-4784-83CD-BBED0C07C60B}.AppStore|iPhoneSimulator.Build.0 = Release|Any CPU
		{01464BBF-1CB7-4784-83CD-BBED0C07C60B}.AppStore|iPhoneSimulator.Deploy.0 = Release|Any CPU
		{01464BBF-1CB7-4784-83CD-BBED0C07C60B}.Debug|Any CPU.ActiveCfg = Debug|Any CPU
		{01464BBF-1CB7-4784-83CD-BBED0C07C60B}.Debug|Any CPU.Build.0 = Debug|Any CPU
		{01464BBF-1CB7-4784-83CD-BBED0C07C60B}.Debug|Any CPU.Deploy.0 = Debug|Any CPU
		{01464BBF-1CB7-4784-83CD-BBED0C07C60B}.Debug|iPhone.ActiveCfg = Debug|Any CPU
		{01464BBF-1CB7-4784-83CD-BBED0C07C60B}.Debug|iPhone.Build.0 = Debug|Any CPU
		{01464BBF-1CB7-4784-83CD-BBED0C07C60B}.Debug|iPhone.Deploy.0 = Debug|Any CPU
		{01464BBF-1CB7-4784-83CD-BBED0C07C60B}.Debug|iPhoneSimulator.ActiveCfg = Debug|Any CPU
		{01464BBF-1CB7-4784-83CD-BBED0C07C60B}.Debug|iPhoneSimulator.Build.0 = Debug|Any CPU
		{01464BBF-1CB7-4784-83CD-BBED0C07C60B}.Debug|iPhoneSimulator.Deploy.0 = Debug|Any CPU
		{01464BBF-1CB7-4784-83CD-BBED0C07C60B}.Release|Any CPU.ActiveCfg = Release|Any CPU
		{01464BBF-1CB7-4784-83CD-BBED0C07C60B}.Release|Any CPU.Build.0 = Release|Any CPU
		{01464BBF-1CB7-4784-83CD-BBED0C07C60B}.Release|Any CPU.Deploy.0 = Release|Any CPU
		{01464BBF-1CB7-4784-83CD-BBED0C07C60B}.Release|iPhone.ActiveCfg = Release|Any CPU
		{01464BBF-1CB7-4784-83CD-BBED0C07C60B}.Release|iPhone.Build.0 = Release|Any CPU
		{01464BBF-1CB7-4784-83CD-BBED0C07C60B}.Release|iPhone.Deploy.0 = Release|Any CPU
		{01464BBF-1CB7-4784-83CD-BBED0C07C60B}.Release|iPhoneSimulator.ActiveCfg = Release|Any CPU
		{01464BBF-1CB7-4784-83CD-BBED0C07C60B}.Release|iPhoneSimulator.Build.0 = Release|Any CPU
		{01464BBF-1CB7-4784-83CD-BBED0C07C60B}.Release|iPhoneSimulator.Deploy.0 = Release|Any CPU
		{D0028223-036F-481A-9E91-867B100298E5}.Ad-Hoc|Any CPU.ActiveCfg = Ad-Hoc|iPhone
		{D0028223-036F-481A-9E91-867B100298E5}.Ad-Hoc|Any CPU.Build.0 = Ad-Hoc|iPhone
		{D0028223-036F-481A-9E91-867B100298E5}.Ad-Hoc|Any CPU.Deploy.0 = Ad-Hoc|iPhone
		{D0028223-036F-481A-9E91-867B100298E5}.Ad-Hoc|iPhone.ActiveCfg = Ad-Hoc|iPhone
		{D0028223-036F-481A-9E91-867B100298E5}.Ad-Hoc|iPhone.Build.0 = Ad-Hoc|iPhone
		{D0028223-036F-481A-9E91-867B100298E5}.Ad-Hoc|iPhone.Deploy.0 = Ad-Hoc|iPhone
		{D0028223-036F-481A-9E91-867B100298E5}.Ad-Hoc|iPhoneSimulator.ActiveCfg = Ad-Hoc|iPhoneSimulator
		{D0028223-036F-481A-9E91-867B100298E5}.Ad-Hoc|iPhoneSimulator.Build.0 = Ad-Hoc|iPhoneSimulator
		{D0028223-036F-481A-9E91-867B100298E5}.Ad-Hoc|iPhoneSimulator.Deploy.0 = Ad-Hoc|iPhoneSimulator
		{D0028223-036F-481A-9E91-867B100298E5}.AppStore|Any CPU.ActiveCfg = AppStore|iPhone
		{D0028223-036F-481A-9E91-867B100298E5}.AppStore|Any CPU.Build.0 = AppStore|iPhone
		{D0028223-036F-481A-9E91-867B100298E5}.AppStore|Any CPU.Deploy.0 = AppStore|iPhone
		{D0028223-036F-481A-9E91-867B100298E5}.AppStore|iPhone.ActiveCfg = AppStore|iPhone
		{D0028223-036F-481A-9E91-867B100298E5}.AppStore|iPhone.Build.0 = AppStore|iPhone
		{D0028223-036F-481A-9E91-867B100298E5}.AppStore|iPhone.Deploy.0 = AppStore|iPhone
		{D0028223-036F-481A-9E91-867B100298E5}.AppStore|iPhoneSimulator.ActiveCfg = AppStore|iPhoneSimulator
		{D0028223-036F-481A-9E91-867B100298E5}.AppStore|iPhoneSimulator.Build.0 = AppStore|iPhoneSimulator
		{D0028223-036F-481A-9E91-867B100298E5}.AppStore|iPhoneSimulator.Deploy.0 = AppStore|iPhoneSimulator
		{D0028223-036F-481A-9E91-867B100298E5}.Debug|Any CPU.ActiveCfg = Debug|iPhoneSimulator
		{D0028223-036F-481A-9E91-867B100298E5}.Debug|Any CPU.Build.0 = Debug|iPhoneSimulator
		{D0028223-036F-481A-9E91-867B100298E5}.Debug|Any CPU.Deploy.0 = Debug|iPhoneSimulator
		{D0028223-036F-481A-9E91-867B100298E5}.Debug|iPhone.ActiveCfg = Debug|iPhone
		{D0028223-036F-481A-9E91-867B100298E5}.Debug|iPhone.Build.0 = Debug|iPhone
		{D0028223-036F-481A-9E91-867B100298E5}.Debug|iPhone.Deploy.0 = Debug|iPhone
		{D0028223-036F-481A-9E91-867B100298E5}.Debug|iPhoneSimulator.ActiveCfg = Debug|iPhoneSimulator
		{D0028223-036F-481A-9E91-867B100298E5}.Debug|iPhoneSimulator.Build.0 = Debug|iPhoneSimulator
		{D0028223-036F-481A-9E91-867B100298E5}.Debug|iPhoneSimulator.Deploy.0 = Debug|iPhoneSimulator
		{D0028223-036F-481A-9E91-867B100298E5}.Release|Any CPU.ActiveCfg = Release|iPhone
		{D0028223-036F-481A-9E91-867B100298E5}.Release|Any CPU.Build.0 = Release|iPhone
		{D0028223-036F-481A-9E91-867B100298E5}.Release|Any CPU.Deploy.0 = Release|iPhone
		{D0028223-036F-481A-9E91-867B100298E5}.Release|iPhone.ActiveCfg = Release|iPhone
		{D0028223-036F-481A-9E91-867B100298E5}.Release|iPhone.Build.0 = Release|iPhone
		{D0028223-036F-481A-9E91-867B100298E5}.Release|iPhone.Deploy.0 = Release|iPhone
		{D0028223-036F-481A-9E91-867B100298E5}.Release|iPhoneSimulator.ActiveCfg = Release|iPhoneSimulator
		{D0028223-036F-481A-9E91-867B100298E5}.Release|iPhoneSimulator.Build.0 = Release|iPhoneSimulator
		{D0028223-036F-481A-9E91-867B100298E5}.Release|iPhoneSimulator.Deploy.0 = Release|iPhoneSimulator
		{2EF5E7E4-D458-4B71-883C-67617C314150}.Ad-Hoc|Any CPU.ActiveCfg = Debug|Any CPU
		{2EF5E7E4-D458-4B71-883C-67617C314150}.Ad-Hoc|Any CPU.Build.0 = Debug|Any CPU
		{2EF5E7E4-D458-4B71-883C-67617C314150}.Ad-Hoc|Any CPU.Deploy.0 = Debug|Any CPU
		{2EF5E7E4-D458-4B71-883C-67617C314150}.Ad-Hoc|iPhone.ActiveCfg = Debug|Any CPU
		{2EF5E7E4-D458-4B71-883C-67617C314150}.Ad-Hoc|iPhone.Build.0 = Debug|Any CPU
		{2EF5E7E4-D458-4B71-883C-67617C314150}.Ad-Hoc|iPhone.Deploy.0 = Debug|Any CPU
		{2EF5E7E4-D458-4B71-883C-67617C314150}.Ad-Hoc|iPhoneSimulator.ActiveCfg = Debug|Any CPU
		{2EF5E7E4-D458-4B71-883C-67617C314150}.Ad-Hoc|iPhoneSimulator.Build.0 = Debug|Any CPU
		{2EF5E7E4-D458-4B71-883C-67617C314150}.Ad-Hoc|iPhoneSimulator.Deploy.0 = Debug|Any CPU
		{2EF5E7E4-D458-4B71-883C-67617C314150}.AppStore|Any CPU.ActiveCfg = Debug|Any CPU
		{2EF5E7E4-D458-4B71-883C-67617C314150}.AppStore|Any CPU.Build.0 = Debug|Any CPU
		{2EF5E7E4-D458-4B71-883C-67617C314150}.AppStore|Any CPU.Deploy.0 = Debug|Any CPU
		{2EF5E7E4-D458-4B71-883C-67617C314150}.AppStore|iPhone.ActiveCfg = Debug|Any CPU
		{2EF5E7E4-D458-4B71-883C-67617C314150}.AppStore|iPhone.Build.0 = Debug|Any CPU
		{2EF5E7E4-D458-4B71-883C-67617C314150}.AppStore|iPhone.Deploy.0 = Debug|Any CPU
		{2EF5E7E4-D458-4B71-883C-67617C314150}.AppStore|iPhoneSimulator.ActiveCfg = Debug|Any CPU
		{2EF5E7E4-D458-4B71-883C-67617C314150}.AppStore|iPhoneSimulator.Build.0 = Debug|Any CPU
		{2EF5E7E4-D458-4B71-883C-67617C314150}.AppStore|iPhoneSimulator.Deploy.0 = Debug|Any CPU
		{2EF5E7E4-D458-4B71-883C-67617C314150}.Debug|Any CPU.ActiveCfg = Debug|Any CPU
		{2EF5E7E4-D458-4B71-883C-67617C314150}.Debug|Any CPU.Build.0 = Debug|Any CPU
		{2EF5E7E4-D458-4B71-883C-67617C314150}.Debug|Any CPU.Deploy.0 = Debug|Any CPU
		{2EF5E7E4-D458-4B71-883C-67617C314150}.Debug|iPhone.ActiveCfg = Debug|Any CPU
		{2EF5E7E4-D458-4B71-883C-67617C314150}.Debug|iPhone.Build.0 = Debug|Any CPU
		{2EF5E7E4-D458-4B71-883C-67617C314150}.Debug|iPhone.Deploy.0 = Debug|Any CPU
		{2EF5E7E4-D458-4B71-883C-67617C314150}.Debug|iPhoneSimulator.ActiveCfg = Debug|Any CPU
		{2EF5E7E4-D458-4B71-883C-67617C314150}.Debug|iPhoneSimulator.Build.0 = Debug|Any CPU
		{2EF5E7E4-D458-4B71-883C-67617C314150}.Debug|iPhoneSimulator.Deploy.0 = Debug|Any CPU
		{2EF5E7E4-D458-4B71-883C-67617C314150}.Release|Any CPU.ActiveCfg = Release|Any CPU
		{2EF5E7E4-D458-4B71-883C-67617C314150}.Release|Any CPU.Build.0 = Release|Any CPU
		{2EF5E7E4-D458-4B71-883C-67617C314150}.Release|Any CPU.Deploy.0 = Release|Any CPU
		{2EF5E7E4-D458-4B71-883C-67617C314150}.Release|iPhone.ActiveCfg = Release|Any CPU
		{2EF5E7E4-D458-4B71-883C-67617C314150}.Release|iPhone.Build.0 = Release|Any CPU
		{2EF5E7E4-D458-4B71-883C-67617C314150}.Release|iPhone.Deploy.0 = Release|Any CPU
		{2EF5E7E4-D458-4B71-883C-67617C314150}.Release|iPhoneSimulator.ActiveCfg = Release|Any CPU
		{2EF5E7E4-D458-4B71-883C-67617C314150}.Release|iPhoneSimulator.Build.0 = Release|Any CPU
		{2EF5E7E4-D458-4B71-883C-67617C314150}.Release|iPhoneSimulator.Deploy.0 = Release|Any CPU
	EndGlobalSection
	GlobalSection(SolutionProperties) = preSolution
		HideSolutionNode = FALSE
	EndGlobalSection
	GlobalSection(ExtensibilityGlobals) = postSolution
		SolutionGuid = {D3B215C8-88A0-48D1-B979-2E7C23A5D9C7}
	EndGlobalSection
EndGlobal
